edgeai-apps-utils	/usr/include/edgeai-apps-utils/edgeai_arm_neon_utils.h	e104e287e6210562e956b052c1f9b19dd7ebdaeaa94522aaa8e4fa526f91e846
edgeai-apps-utils	/usr/include/edgeai-apps-utils/edgeai_dl_color_convert_armv8_utils.h	cf1bcd706210a4c8d23d7ae9e065ba1ffdc06e27122b8dba94cd35c74bd84636
edgeai-apps-utils	/usr/include/edgeai-apps-utils/edgeai_dl_pre_proc_armv8_utils.h	7fdff8f21fa56a0eb5774d119575ef8e4549ad9db1349e629b6362a49f773b0e
edgeai-apps-utils	/usr/include/edgeai-apps-utils/edgeai_dl_scaler_armv8_utils.h	19b208635f8d7d6ef04077a1ee97b7bf9eea8b964aa791eb1be6e8dd2aed9bbf
edgeai-apps-utils	/usr/include/edgeai-apps-utils/edgeai_image_params.h	84a4e1da28a8ee9d2eff6f2b8244d4848ce1c50ec0f9ed54f2d8c46c0f530ff2
edgeai-apps-utils	/usr/include/edgeai-apps-utils/edgeai_nv12_drawing_utils.h	0896149c007dac615742498dd045513323e119d570353d8830a4d6b552331ab7
edgeai-apps-utils	/usr/include/edgeai-apps-utils/edgeai_nv12_font_utils.h	7242297859c810543c907f19eb522bf94064b5d40329c1fbf3d345139efbef19
edgeai-apps-utils	/usr/include/edgeai-apps-utils/edgeai_overlay_perf_stats_utils.h	40a79fc343568fc6d3c30113dba1c54f108e3ed6a9777208df2b0791216500c0
edgeai-apps-utils	/usr/include/edgeai-apps-utils/edgeai_perf_stats_utils.h	c54a2ceb3903c24d266ecac50e442f07f1db6496ab166619d3385f3d7fbfaea6
edgeai-tiovx-kernels	/usr/include/edgeai-tiovx-kernels/edgeai_tiovx_img_proc.h	bd68f6b4e199e217ed174fc971999c2b2d446b68d807fc6c422a3b79393bb815
edgeai-tiovx-kernels	/usr/include/edgeai-tiovx-kernels/edgeai_tiovx_kernels_utils.h	d64d54237deb8933bb1ceb6a30b7d75274a342883a94bbcdb88228e89feb2e86
edgeai-tiovx-kernels	/usr/include/edgeai-tiovx-kernels/edgeai_tiovx_nodes.h	fb0d002a59ddca56e25590df29d7f86f3b10dba357181664a2184e907bc0d6ff
edgeai-tiovx-kernels	/usr/include/edgeai-tiovx-kernels/edgeai_tiovx_target_kernels.h	c4a8927b32b6f418af1b03cd3f6e8b217dd02b7e936e0376dbe2217060f89a19
edgeai-tiovx-kernels	/usr/include/edgeai-tiovx-kernels/tivx_dl_color_convert_armv8_host.h	8cb915f437ec488ed6a260c350070bb1fd6877737e5aa3700a3f3198979c5c77
edgeai-tiovx-kernels	/usr/include/edgeai-tiovx-kernels/tivx_dl_post_proc_host.h	cf546f554ba7559a6b8c2dbd7f5b3a803df15cb2e38331a2744ebbbdcdb2df7c
edgeai-tiovx-kernels	/usr/include/edgeai-tiovx-kernels/tivx_dl_pre_proc_armv8_host.h	efa5ca47a02cc9bf79a97ad24a1a8a933b12651e81418aefdacfbd8ed48d9f91
edgeai-tiovx-modules	/usr/include/edgeai-tiovx-modules/tiovx_color_convert_module.h	5752adb0efebbf06005ced84c77ec37f32c2a8bb9e1bbf167de92535f8eb4bc1
edgeai-tiovx-modules	/usr/include/edgeai-tiovx-modules/tiovx_dl_color_convert_module.h	f5db190159d97d55550e584094c46b39de63c9d533c1f28bf64c944ad0054bef
edgeai-tiovx-modules	/usr/include/edgeai-tiovx-modules/tiovx_dl_post_proc_module.h	7ccafff3602f994c4f0a3cfeeeef571571a615bb5ba1de524deef4779e16e4e0
edgeai-tiovx-modules	/usr/include/edgeai-tiovx-modules/tiovx_dl_pre_proc_module.h	750c4cefd7fc06b83cdd17acda012f606fd72b59802b21bec9a6be38fa54523d
edgeai-tiovx-modules	/usr/include/edgeai-tiovx-modules/tiovx_dof_module.h	8a4025baac2614d231580adfedc205c0bc81e2b635b74944dfd09d07e93943c0
edgeai-tiovx-modules	/usr/include/edgeai-tiovx-modules/tiovx_dof_viz_module.h	2dda1cbccd86bdf3d81bb5f521170a93af84b6a942122a059a87fefcfdf9d4d7
edgeai-tiovx-modules	/usr/include/edgeai-tiovx-modules/tiovx_img_mosaic_module.h	61552dc3fa903dce73344fdb7719d0796750ac0a6279420c6d9761b203dcc667
edgeai-tiovx-modules	/usr/include/edgeai-tiovx-modules/tiovx_ldc_module.h	d483664c2132175147a964f97d3746a4cd7ab60a7b9e477d482facaf083b58b2
edgeai-tiovx-modules	/usr/include/edgeai-tiovx-modules/tiovx_modules_common.h	55f5657193204f4dc36fc97e5df676568a0827df6473d7651ca0cef326d1c284
edgeai-tiovx-modules	/usr/include/edgeai-tiovx-modules/tiovx_multi_scaler_module.h	a442ffd5dbca87ed471c73faa13a1f0cb69ec0850e2d741efd38ec69d0f5f4ef
edgeai-tiovx-modules	/usr/include/edgeai-tiovx-modules/tiovx_pyramid_module.h	5fc1acb166e7336deb1e4e6f4ee458d9adefe33266c39e3e56e687b3b29c5bd1
edgeai-tiovx-modules	/usr/include/edgeai-tiovx-modules/tiovx_sde_module.h	8e88f410e54fece3da4bfc7222c9fdd1f23a08e0e9d99bbdccc38dc371ec6b22
edgeai-tiovx-modules	/usr/include/edgeai-tiovx-modules/tiovx_sde_viz_module.h	a9661397b269169e6eafef21b5a550748ef725ea17866e029036493bd9acd8fa
edgeai-tiovx-modules	/usr/include/edgeai-tiovx-modules/tiovx_sensor_module.h	f409eac100906ecea71b25bdc28a9ea314657abb6ec1586abb187b2829d6bd58
edgeai-tiovx-modules	/usr/include/edgeai-tiovx-modules/tiovx_utils.h	e3c6017ec0464685ffc632ff764c780c75f38ee6a492d976d031035ecfc0850f
edgeai-tiovx-modules	/usr/include/edgeai-tiovx-modules/tiovx_viss_module.h	51cdb74bfd204d952eff2699f2b49991b861d42dc1b812929b3777a42da83e7e
